// !$*UTF8*$!
{
	archiveVersion = 1;
	classes = {
	};
	objectVersion = 46;
	objects = {

/* Begin PBXBuildFile section */
		9A8A65811B367ED100BBD112 /* AppDelegate.swift in Sources */ = {isa = PBXBuildFile; fileRef = 9A8A65801B367ED100BBD112 /* AppDelegate.swift */; };
		9A8A65831B367ED100BBD112 /* ViewController.swift in Sources */ = {isa = PBXBuildFile; fileRef = 9A8A65821B367ED100BBD112 /* ViewController.swift */; };
		9A8A65861B367ED100BBD112 /* Main.storyboard in Resources */ = {isa = PBXBuildFile; fileRef = 9A8A65841B367ED100BBD112 /* Main.storyboard */; };
		9A8A65881B367ED100BBD112 /* Images.xcassets in Resources */ = {isa = PBXBuildFile; fileRef = 9A8A65871B367ED100BBD112 /* Images.xcassets */; };
		9A8A658B1B367ED100BBD112 /* LaunchScreen.xib in Resources */ = {isa = PBXBuildFile; fileRef = 9A8A65891B367ED100BBD112 /* LaunchScreen.xib */; };
		9A8A65971B367ED100BBD112 /* CalculatorTests.swift in Sources */ = {isa = PBXBuildFile; fileRef = 9A8A65961B367ED100BBD112 /* CalculatorTests.swift */; };
/* End PBXBuildFile section */

/* Begin PBXContainerItemProxy section */
		9A8A65911B367ED100BBD112 /* PBXContainerItemProxy */ = {
			isa = PBXContainerItemProxy;
			containerPortal = 9A8A65731B367ED100BBD112 /* Project object */;
			proxyType = 1;
			remoteGlobalIDString = 9A8A657A1B367ED100BBD112;
			remoteInfo = Calculator;
		};
/* End PBXContainerItemProxy section */

/* Begin PBXFileReference section */
		9A8A657B1B367ED100BBD112 /* Calculator.app */ = {isa = PBXFileReference; explicitFileType = wrapper.application; includeInIndex = 0; path = Calculator.app; sourceTree = BUILT_PRODUCTS_DIR; };
		9A8A657F1B367ED100BBD112 /* Info.plist */ = {isa = PBXFileReference; lastKnownFileType = text.plist.xml; path = Info.plist; sourceTree = "<group>"; };
		9A8A65801B367ED100BBD112 /* AppDelegate.swift */ = {isa = PBXFileReference; lastKnownFileType = sourcecode.swift; path = AppDelegate.swift; sourceTree = "<group>"; };
		9A8A65821B367ED100BBD112 /* ViewController.swift */ = {isa = PBXFileReference; lastKnownFileType = sourcecode.swift; path = ViewController.swift; sourceTree = "<group>"; };
		9A8A65851B367ED100BBD112 /* Base */ = {isa = PBXFileReference; lastKnownFileType = file.storyboard; name = Base; path = Base.lproj/Main.storyboard; sourceTree = "<group>"; };
		9A8A65871B367ED100BBD112 /* Images.xcassets */ = {isa = PBXFileReference; lastKnownFileType = folder.assetcatalog; path = Images.xcassets; sourceTree = "<group>"; };
		9A8A658A1B367ED100BBD112 /* Base */ = {isa = PBXFileReference; lastKnownFileType = file.xib; name = Base; path = Base.lproj/LaunchScreen.xib; sourceTree = "<group>"; };
		9A8A65901B367ED100BBD112 /* CalculatorTests.xctest */ = {isa = PBXFileReference; explicitFileType = wrapper.cfbundle; includeInIndex = 0; path = CalculatorTests.xctest; sourceTree = BUILT_PRODUCTS_DIR; };
		9A8A65951B367ED100BBD112 /* Info.plist */ = {isa = PBXFileReference; lastKnownFileType = text.plist.xml; path = Info.plist; sourceTree = "<group>"; };
		9A8A65961B367ED100BBD112 /* CalculatorTests.swift */ = {isa = PBXFileReference; lastKnownFileType = sourcecode.swift; path = CalculatorTests.swift; sourceTree = "<group>"; };
/* End PBXFileReference section */

/* Begin PBXFrameworksBuildPhase section */
		9A8A65781B367ED100BBD112 /* Frameworks */ = {
			isa = PBXFrameworksBuildPhase;
			buildActionMask = 2147483647;
			files = (
			);
			runOnlyForDeploymentPostprocessing = 0;
		};
		9A8A658D1B367ED100BBD112 /* Frameworks */ = {
			isa = PBXFrameworksBuildPhase;
			buildActionMask = 2147483647;
			files = (
			);
			runOnlyForDeploymentPostprocessing = 0;
		};
/* End PBXFrameworksBuildPhase section */

/* Begin PBXGroup section */
		9A8A65721B367ED100BBD112 = {
			isa = PBXGroup;
			children = (
				9A8A657D1B367ED100BBD112 /* Calculator */,
				9A8A65931B367ED100BBD112 /* CalculatorTests */,
				9A8A657C1B367ED100BBD112 /* Products */,
			);
			sourceTree = "<group>";
		};
		9A8A657C1B367ED100BBD112 /* Products */ = {
			isa = PBXGroup;
			children = (
				9A8A657B1B367ED100BBD112 /* Calculator.app */,
				9A8A65901B367ED100BBD112 /* CalculatorTests.xctest */,
			);
			name = Products;
			sourceTree = "<group>";
		};
		9A8A657D1B367ED100BBD112 /* Calculator */ = {
			isa = PBXGroup;
			children = (
				9A8A65801B367ED100BBD112 /* AppDelegate.swift */,
				9A8A65821B367ED100BBD112 /* ViewController.swift */,
				9A8A65841B367ED100BBD112 /* Main.storyboard */,
				9A8A65871B367ED100BBD112 /* Images.xcassets */,
				9A8A65891B367ED100BBD112 /* LaunchScreen.xib */,
				9A8A657E1B367ED100BBD112 /* Supporting Files */,
			);
			path = Calculator;
			sourceTree = "<group>";
		};
		9A8A657E1B367ED100BBD112 /* Supporting Files */ = {
			isa = PBXGroup;
			children = (
				9A8A657F1B367ED100BBD112 /* Info.plist */,
			);
			name = "Supporting Files";
			sourceTree = "<group>";
		};
		9A8A65931B367ED100BBD112 /* CalculatorTests */ = {
			isa = PBXGroup;
			children = (
				9A8A65961B367ED100BBD112 /* CalculatorTests.swift */,
				9A8A65941B367ED100BBD112 /* Supporting Files */,
			);
			path = CalculatorTests;
			sourceTree = "<group>";
		};
		9A8A65941B367ED100BBD112 /* Supporting Files */ = {
			isa = PBXGroup;
			children = (
				9A8A65951B367ED100BBD112 /* Info.plist */,
			);
			name = "Supporting Files";
			sourceTree = "<group>";
		};
/* End PBXGroup section */

/* Begin PBXNativeTarget section */
		9A8A657A1B367ED100BBD112 /* Calculator */ = {
			isa = PBXNativeTarget;
			buildConfigurationList = 9A8A659A1B367ED100BBD112 /* Build configuration list for PBXNativeTarget "Calculator" */;
			buildPhases = (
				9A8A65771B367ED100BBD112 /* Sources */,
				9A8A65781B367ED100BBD112 /* Frameworks */,
				9A8A65791B367ED100BBD112 /* Resources */,
			);
			buildRules = (
			);
			dependencies = (
			);
			name = Calculator;
			productName = Calculator;
			productReference = 9A8A657B1B367ED100BBD112 /* Calculator.app */;
			productType = "com.apple.product-type.application";
		};
		9A8A658F1B367ED100BBD112 /* CalculatorTests */ = {
			isa = PBXNativeTarget;
			buildConfigurationList = 9A8A659D1B367ED100BBD112 /* Build configuration list for PBXNativeTarget "CalculatorTests" */;
			buildPhases = (
				9A8A658C1B367ED100BBD112 /* Sources */,
				9A8A658D1B367ED100BBD112 /* Frameworks */,
				9A8A658E1B367ED100BBD112 /* Resources */,
			);
			buildRules = (
			);
			dependencies = (
				9A8A65921B367ED100BBD112 /* PBXTargetDependency */,
			);
			name = CalculatorTests;
			productName = CalculatorTests;
			productReference = 9A8A65901B367ED100BBD112 /* CalculatorTests.xctest */;
			productType = "com.apple.product-type.bundle.unit-test";
		};
/* End PBXNativeTarget section */

/* Begin PBXProject section */
		9A8A65731B367ED100BBD112 /* Project object */ = {
			isa = PBXProject;
			attributes = {
				LastUpgradeCheck = 0630;
				ORGANIZATIONNAME = tangjaron;
				TargetAttributes = {
					9A8A657A1B367ED100BBD112 = {
						CreatedOnToolsVersion = 6.3.2;
					};
					9A8A658F1B367ED100BBD112 = {
						CreatedOnToolsVersion = 6.3.2;
						TestTargetID = 9A8A657A1B367ED100BBD112;
					};
				};
			};
			buildConfigurationList = 9A8A65761B367ED100BBD112 /* Build configuration list for PBXProject "Calculator" */;
			compatibilityVersion = "Xcode 3.2";
			developmentRegion = English;
			hasScannedForEncodings = 0;
			knownRegions = (
				en,
				Base,
			);
			mainGroup = 9A8A65721B367ED100BBD112;
			productRefGroup = 9A8A657C1B367ED100BBD112 /* Products */;
			projectDirPath = "";
			projectRoot = "";
			targets = (
				9A8A657A1B367ED100BBD112 /* Calculator */,
				9A8A658F1B367ED100BBD112 /* CalculatorTests */,
			);
		};
/* End PBXProject section */

/* Begin PBXResourcesBuildPhase section */
		9A8A65791B367ED100BBD112 /* Resources */ = {
			isa = PBXResourcesBuildPhase;
			buildActionMask = 2147483647;
			files = (
				9A8A65861B367ED100BBD112 /* Main.storyboard in Resources */,
				9A8A658B1B367ED100BBD112 /* LaunchScreen.xib in Resources */,
				9A8A65881B367ED100BBD112 /* Images.xcassets in Resources */,
			);
			runOnlyForDeploymentPostprocessing = 0;
		};
		9A8A658E1B367ED100BBD112 /* Resources */ = {
			isa = PBXResourcesBuildPhase;
			buildActionMask = 2147483647;
			files = (
			);
			runOnlyForDeploymentPostprocessing = 0;
		};
/* End PBXResourcesBuildPhase section */

/* Begin PBXSourcesBuildPhase section */
		9A8A65771B367ED100BBD112 /* Sources */ = {
			isa = PBXSourcesBuildPhase;
			buildActionMask = 2147483647;
			files = (
				9A8A65831B367ED100BBD112 /* ViewController.swift in Sources */,
				9A8A65811B367ED100BBD112 /* AppDelegate.swift in Sources */,
			);
			runOnlyForDeploymentPostprocessing = 0;
		};
		9A8A658C1B367ED100BBD112 /* Sources */ = {
			isa = PBXSourcesBuildPhase;
			buildActionMask = 2147483647;
			files = (
				9A8A65971B367ED100BBD112 /* CalculatorTests.swift in Sources */,
			);
			runOnlyForDeploymentPostprocessing = 0;
		};
/* End PBXSourcesBuildPhase section */

/* Begin PBXTargetDependency section */
		9A8A65921B367ED100BBD112 /* PBXTargetDependency */ = {
			isa = PBXTargetDependency;
			target = 9A8A657A1B367ED100BBD112 /* Calculator */;
			targetProxy = 9A8A65911B367ED100BBD112 /* PBXContainerItemProxy */;
		};
/* End PBXTargetDependency section */

/* Begin PBXVariantGroup section */
		9A8A65841B367ED100BBD112 /* Main.storyboard */ = {
			isa = PBXVariantGroup;
			children = (
				9A8A65851B367ED100BBD112 /* Base */,
			);
			name = Main.storyboard;
			sourceTree = "<group>";
		};
		9A8A65891B367ED100BBD112 /* LaunchScreen.xib */ = {
			isa = PBXVariantGroup;
			children = (
				9A8A658A1B367ED100BBD112 /* Base */,
			);
			name = LaunchScreen.xib;
			sourceTree = "<group>";
		};
/* End PBXVariantGroup section */

/* Begin XCBuildConfiguration section */
		9A8A65981B367ED100BBD112 /* Debug */ = {
			isa = XCBuildConfiguration;
			buildSettings = {
				ALWAYS_SEARCH_USER_PATHS = NO;
				CLANG_CXX_LANGUAGE_STANDARD = "gnu++0x";
				CLANG_CXX_LIBRARY = "libc++";
				CLANG_ENABLE_MODULES = YES;
				CLANG_ENABLE_OBJC_ARC = YES;
				CLANG_WARN_BOOL_CONVERSION = YES;
				CLANG_WARN_CONSTANT_CONVERSION = YES;
				CLANG_WARN_DIRECT_OBJC_ISA_USAGE = YES_ERROR;
				CLANG_WARN_EMPTY_BODY = YES;
				CLANG_WARN_ENUM_CONVERSION = YES;
				CLANG_WARN_INT_CONVERSION = YES;
				CLANG_WARN_OBJC_ROOT_CLASS = YES_ERROR;
				CLANG_WARN_UNREACHABLE_CODE = YES;
				CLANG_WARN__DUPLICATE_METHOD_MATCH = YES;
				"CODE_SIGN_IDENTITY[sdk=iphoneos*]" = "iPhone Developer";
				COPY_PHASE_STRIP = NO;
				DEBUG_INFORMATION_FORMAT = "dwarf-with-dsym";
				ENABLE_STRICT_OBJC_MSGSEND = YES;
				GCC_C_LANGUAGE_STANDARD = gnu99;
				GCC_DYNAMIC_NO_PIC = NO;
				GCC_NO_COMMON_BLOCKS = YES;
				GCC_OPTIMIZATION_LEVEL = 0;
				GCC_PREPROCESSOR_DEFINITIONS = (
					"DEBUG=1",
					"$(inherited)",
				);
				GCC_SYMBOLS_PRIVATE_EXTERN = NO;
				GCC_WARN_64_TO_32_BIT_CONVERSION = YES;
				GCC_WARN_ABOUT_RETURN_TYPE = YES_ERROR;
				GCC_WARN_UNDECLARED_SELECTOR = YES;
				GCC_WARN_UNINITIALIZED_AUTOS = YES_AGGRESSIVE;
				GCC_WARN_UNUSED_FUNCTION = YES;
				GCC_WARN_UNUSED_VARIABLE = YES;
				IPHONEOS_DEPLOYMENT_TARGET = 8.3;
				MTL_ENABLE_DEBUG_INFO = YES;
				ONLY_ACTIVE_ARCH = YES;
				SDKROOT = iphoneos;
				SWIFT_OPTIMIZATION_LEVEL = "-Onone";
				TARGETED_DEVICE_FAMILY = "1,2";
			};
			name = Debug;
		};
		9A8A65991B367ED100BBD112 /* Release */ = {
			isa = XCBuildConfiguration;
			buildSettings = {
				ALWAYS_SEARCH_USER_PATHS = NO;
				CLANG_CXX_LANGUAGE_STANDARD = "gnu++0x";
				CLANG_CXX_LIBRARY = "libc++";
				CLANG_ENABLE_MODULES = YES;
				CLANG_ENABLE_OBJC_ARC = YES;
				CLANG_WARN_BOOL_CONVERSION = YES;
				CLANG_WARN_CONSTANT_CONVERSION = YES;
				CLANG_WARN_DIRECT_OBJC_ISA_USAGE = YES_ERROR;
				CLANG_WARN_EMPTY_BODY = YES;
				CLANG_WARN_ENUM_CONVERSION = YES;
				CLANG_WARN_INT_CONVERSION = YES;
				CLANG_WARN_OBJC_ROOT_CLASS = YES_ERROR;
				CLANG_WARN_UNREACHABLE_CODE = YES;
				CLANG_WARN__DUPLICATE_METHOD_MATCH = YES;
				"CODE_SIGN_IDENTITY[sdk=iphoneos*]" = "iPhone Developer";
				COPY_PHASE_STRIP = NO;
				DEBUG_INFORMATION_FORMAT = "dwarf-with-dsym";
				ENABLE_NS_ASSERTIONS = NO;
				ENABLE_STRICT_OBJC_MSGSEND = YES;
				GCC_C_LANGUAGE_STANDARD = gnu99;
				GCC_NO_COMMON_BLOCKS = YES;
				GCC_WARN_64_TO_32_BIT_CONVERSION = YES;
				GCC_WARN_ABOUT_RETURN_TYPE = YES_ERROR;
				GCC_WARN_UNDECLARED_SELECTOR = YES;
				GCC_WARN_UNINITIALIZED_AUTOS = YES_AGGRESSIVE;
				GCC_WARN_UNUSED_FUNCTION = YES;
				GCC_WARN_UNUSED_VARIABLE = YES;
				IPHONEOS_DEPLOYMENT_TARGET = 8.3;
				MTL_ENABLE_DEBUG_INFO = NO;
				SDKROOT = iphoneos;
				TARGETED_DEVICE_FAMILY = "1,2";
				VALIDATE_PRODUCT = YES;
			};
			name = Release;
		};
		9A8A659B1B367ED100BBD112 /* Debug */ = {
			isa = XCBuildConfiguration;
			buildSettings = {
				ASSETCATALOG_COMPILER_APPICON_NAME = AppIcon;
				INFOPLIST_FILE = Calculator/Info.plist;
				LD_RUNPATH_SEARCH_PATHS = "$(inherited) @executable_path/Frameworks";
				PRODUCT_NAME = "$(TARGET_NAME)";
			};
			name = Debug;
		};
		9A8A659C1B367ED100BBD112 /* Release */ = {
			isa = XCBuildConfiguration;
			buildSettings = {
				ASSETCATALOG_COMPILER_APPICON_NAME = AppIcon;
				INFOPLIST_FILE = Calculator/Info.plist;
				LD_RUNPATH_SEARCH_PATHS = "$(inherited) @executable_path/Frameworks";
				PRODUCT_NAME = "$(TARGET_NAME)";
			};
			name = Release;
		};
		9A8A659E1B367ED100BBD112 /* Debug */ = {
			isa = XCBuildConfiguration;
			buildSettings = {
				BUNDLE_LOADER = "$(TEST_HOST)";
				FRAMEWORK_SEARCH_PATHS = (
					"$(SDKROOT)/Developer/Library/Frameworks",
					"$(inherited)",
				);
				GCC_PREPROCESSOR_DEFINITIONS = (
					"DEBUG=1",
					"$(inherited)",
				);
				INFOPLIST_FILE = CalculatorTests/Info.plist;
				LD_RUNPATH_SEARCH_PATHS = "$(inherited) @executable_path/Frameworks @loader_path/Frameworks";
				PRODUCT_NAME = "$(TARGET_NAME)";
				TEST_HOST = "$(BUILT_PRODUCTS_DIR)/Calculator.app/Calculator";
			};
			name = Debug;
		};
		9A8A659F1B367ED100BBD112 /* Release */ = {
			isa = XCBuildConfiguration;
			buildSettings = {
				BUNDLE_LOADER = "$(TEST_HOST)";
				FRAMEWORK_SEARCH_PATHS = (
					"$(SDKROOT)/Developer/Library/Frameworks",
					"$(inherited)",
				);
				INFOPLIST_FILE = CalculatorTests/Info.plist;
				LD_RUNPATH_SEARCH_PATHS = "$(inherited) @executable_path/Frameworks @loader_path/Frameworks";
				PRODUCT_NAME = "$(TARGET_NAME)";
				TEST_HOST = "$(BUILT_PRODUCTS_DIR)/Calculator.app/Calculator";
			};
			name = Release;
		};
/* End XCBuildConfiguration section */

/* Begin XCConfigurationList section */
		9A8A65761B367ED100BBD112 /* Build configuration list for PBXProject "Calculator" */ = {
			isa = XCConfigurationList;
			buildConfigurations = (
				9A8A65981B367ED100BBD112 /* Debug */,
				9A8A65991B367ED100BBD112 /* Release */,
			);
			defaultConfigurationIsVisible = 0;
			defaultConfigurationName = Release;
		};
		9A8A659A1B367ED100BBD112 /* Build configuration list for PBXNativeTarget "Calculator" */ = {
			isa = XCConfigurationList;
			buildConfigurations = (
				9A8A659B1B367ED100BBD112 /* Debug */,
				9A8A659C1B367ED100BBD112 /* Release */,
			);
			defaultConfigurationIsVisible = 0;
		};
		9A8A659D1B367ED100BBD112 /* Build configuration list for PBXNativeTarget "CalculatorTests" */ = {
			isa = XCConfigurationList;
			buildConfigurations = (
				9A8A659E1B367ED100BBD112 /* Debug */,
				9A8A659F1B367ED100BBD112 /* Release */,
			);
			defaultConfigurationIsVisible = 0;
		};
/* End XCConfigurationList section */
	};
	rootObject = 9A8A65731B367ED100BBD112 /* Project object */;
}
